
Microsoft Visual Studio Solution File, Format Version 12.00
# Visual Studio Version 16
VisualStudioVersion = 16.0.34301.259
MinimumVisualStudioVersion = 10.0.40219.1
Project("{FAE04EC0-301F-11D3-BF4B-00C04F79EFBC}") = "DeepLearning", "DeepLearning\DeepLearning.csproj", "{79654A50-CB46-4398-A7AA-085FFBA49EDB}"
EndProject
Global
	GlobalSection(SolutionConfigurationPlatforms) = preSolution
		Debug|Any CPU = Debug|Any CPU
		Release|Any CPU = Release|Any CPU
	EndGlobalSection
	GlobalSection(ProjectConfigurationPlatforms) = postSolution
		{79654A50-CB46-4398-A7AA-085FFBA49EDB}.Debug|Any CPU.ActiveCfg = Debug|Any CPU
		{79654A50-CB46-4398-A7AA-085FFBA49EDB}.Debug|Any CPU.Build.0 = Debug|Any CPU
		{79654A50-CB46-4398-A7AA-085FFBA49EDB}.Release|Any CPU.ActiveCfg = Release|Any CPU
		{79654A50-CB46-4398-A7AA-085FFBA49EDB}.Release|Any CPU.Build.0 = Release|Any CPU
	EndGlobalSection
	GlobalSection(SolutionProperties) = preSolution
		HideSolutionNode = FALSE
	EndGlobalSection
	GlobalSection(ExtensibilityGlobals) = postSolution
		SolutionGuid = {C8739A3C-519B-4195-A937-F9F5926EFE75}
	EndGlobalSection
EndGlobal
